
Microsoft Visual Studio Solution File, Format Version 12.00
# Visual Studio 15
VisualStudioVersion = 15.0.28307.757
MinimumVisualStudioVersion = 10.0.40219.1
Project("{FAE04EC0-301F-11D3-BF4B-00C04F79EFBC}") = "CZ4015", "CZ4015\CZ4015.csproj", "{A0917E98-611D-4AC7-A05D-E5B8CD95919D}"
EndProject
Global
	GlobalSection(SolutionConfigurationPlatforms) = preSolution
		Debug|Any CPU = Debug|Any CPU
		Release|Any CPU = Release|Any CPU
	EndGlobalSection
	GlobalSection(ProjectConfigurationPlatforms) = postSolution
		{A0917E98-611D-4AC7-A05D-E5B8CD95919D}.Debug|Any CPU.ActiveCfg = Debug|Any CPU
		{A0917E98-611D-4AC7-A05D-E5B8CD95919D}.Debug|Any CPU.Build.0 = Debug|Any CPU
		{A0917E98-611D-4AC7-A05D-E5B8CD95919D}.Release|Any CPU.ActiveCfg = Release|Any CPU
		{A0917E98-611D-4AC7-A05D-E5B8CD95919D}.Release|Any CPU.Build.0 = Release|Any CPU
	EndGlobalSection
	GlobalSection(SolutionProperties) = preSolution
		HideSolutionNode = FALSE
	EndGlobalSection
	GlobalSection(ExtensibilityGlobals) = postSolution
		SolutionGuid = {DF34520D-EA53-42A2-A61D-755B7EFF8B6C}
	EndGlobalSection
EndGlobal
